
Microsoft Visual Studio Solution File, Format Version 12.00
# Visual Studio Version 17
VisualStudioVersion = 17.2.32616.157
MinimumVisualStudioVersion = 10.0.40219.1
Project("{FAE04EC0-301F-11D3-BF4B-00C04F79EFBC}") = "EShop", "EShop\EShop.csproj", "{086DC3B8-EC56-4850-B53F-36C192925888}"
EndProject
Project("{FAE04EC0-301F-11D3-BF4B-00C04F79EFBC}") = "DataLayer", "DataLayer\DataLayer.csproj", "{8087A733-35FC-4670-AF99-AECB3C3C83E7}"
EndProject
Project("{FAE04EC0-301F-11D3-BF4B-00C04F79EFBC}") = "ServiceLayer", "ServiceLayer\ServiceLayer.csproj", "{C082981A-4573-415A-80E2-CCE232E19726}"
EndProject
Global
	GlobalSection(SolutionConfigurationPlatforms) = preSolution
		Debug|Any CPU = Debug|Any CPU
		Release|Any CPU = Release|Any CPU
	EndGlobalSection
	GlobalSection(ProjectConfigurationPlatforms) = postSolution
		{086DC3B8-EC56-4850-B53F-36C192925888}.Debug|Any CPU.ActiveCfg = Debug|Any CPU
		{086DC3B8-EC56-4850-B53F-36C192925888}.Debug|Any CPU.Build.0 = Debug|Any CPU
		{086DC3B8-EC56-4850-B53F-36C192925888}.Release|Any CPU.ActiveCfg = Release|Any CPU
		{086DC3B8-EC56-4850-B53F-36C192925888}.Release|Any CPU.Build.0 = Release|Any CPU
		{8087A733-35FC-4670-AF99-AECB3C3C83E7}.Debug|Any CPU.ActiveCfg = Debug|Any CPU
		{8087A733-35FC-4670-AF99-AECB3C3C83E7}.Debug|Any CPU.Build.0 = Debug|Any CPU
		{8087A733-35FC-4670-AF99-AECB3C3C83E7}.Release|Any CPU.ActiveCfg = Release|Any CPU
		{8087A733-35FC-4670-AF99-AECB3C3C83E7}.Release|Any CPU.Build.0 = Release|Any CPU
		{C082981A-4573-415A-80E2-CCE232E19726}.Debug|Any CPU.ActiveCfg = Debug|Any CPU
		{C082981A-4573-415A-80E2-CCE232E19726}.Debug|Any CPU.Build.0 = Debug|Any CPU
		{C082981A-4573-415A-80E2-CCE232E19726}.Release|Any CPU.ActiveCfg = Release|Any CPU
		{C082981A-4573-415A-80E2-CCE232E19726}.Release|Any CPU.Build.0 = Release|Any CPU
	EndGlobalSection
	GlobalSection(SolutionProperties) = preSolution
		HideSolutionNode = FALSE
	EndGlobalSection
	GlobalSection(ExtensibilityGlobals) = postSolution
		SolutionGuid = {1D1D484B-83B6-4574-9C6F-E9490665BC54}
	EndGlobalSection
EndGlobal
